// !$*UTF8*$!
{
	archiveVersion = 1;
	classes = {
	};
	objectVersion = 50;
	objects = {

/* Begin PBXBuildFile section */
		3522BDE925A0E69F009E1723 /* AppDelegate.swift in Sources */ = {isa = PBXBuildFile; fileRef = 3522BDE825A0E69F009E1723 /* AppDelegate.swift */; };
		3522BDEB25A0E69F009E1723 /* SceneDelegate.swift in Sources */ = {isa = PBXBuildFile; fileRef = 3522BDEA25A0E69F009E1723 /* SceneDelegate.swift */; };
		3522BDED25A0E69F009E1723 /* ContentView.swift in Sources */ = {isa = PBXBuildFile; fileRef = 3522BDEC25A0E69F009E1723 /* ContentView.swift */; };
		3522BDF025A0E69F009E1723 /* kirby_s_kitchen_2.xcdatamodeld in Sources */ = {isa = PBXBuildFile; fileRef = 3522BDEE25A0E69F009E1723 /* kirby_s_kitchen_2.xcdatamodeld */; };
		3522BDF225A0E6A0009E1723 /* Assets.xcassets in Resources */ = {isa = PBXBuildFile; fileRef = 3522BDF125A0E6A0009E1723 /* Assets.xcassets */; };
		3522BDF525A0E6A0009E1723 /* Preview Assets.xcassets in Resources */ = {isa = PBXBuildFile; fileRef = 3522BDF425A0E6A0009E1723 /* Preview Assets.xcassets */; };
		3522BDF825A0E6A0009E1723 /* LaunchScreen.storyboard in Resources */ = {isa = PBXBuildFile; fileRef = 3522BDF625A0E6A0009E1723 /* LaunchScreen.storyboard */; };
/* End PBXBuildFile section */

/* Begin PBXFileReference section */
		3522BDE525A0E69F009E1723 /* kirby's kitchen 2.app */ = {isa = PBXFileReference; explicitFileType = wrapper.application; includeInIndex = 0; path = "kirby's kitchen 2.app"; sourceTree = BUILT_PRODUCTS_DIR; };
		3522BDE825A0E69F009E1723 /* AppDelegate.swift */ = {isa = PBXFileReference; lastKnownFileType = sourcecode.swift; path = AppDelegate.swift; sourceTree = "<group>"; };
		3522BDEA25A0E69F009E1723 /* SceneDelegate.swift */ = {isa = PBXFileReference; lastKnownFileType = sourcecode.swift; path = SceneDelegate.swift; sourceTree = "<group>"; };
		3522BDEC25A0E69F009E1723 /* ContentView.swift */ = {isa = PBXFileReference; lastKnownFileType = sourcecode.swift; path = ContentView.swift; sourceTree = "<group>"; };
		3522BDEF25A0E69F009E1723 /* kirby_s_kitchen_2.xcdatamodel */ = {isa = PBXFileReference; lastKnownFileType = wrapper.xcdatamodel; path = kirby_s_kitchen_2.xcdatamodel; sourceTree = "<group>"; };
		3522BDF125A0E6A0009E1723 /* Assets.xcassets */ = {isa = PBXFileReference; lastKnownFileType = folder.assetcatalog; path = Assets.xcassets; sourceTree = "<group>"; };
		3522BDF425A0E6A0009E1723 /* Preview Assets.xcassets */ = {isa = PBXFileReference; lastKnownFileType = folder.assetcatalog; path = "Preview Assets.xcassets"; sourceTree = "<group>"; };
		3522BDF725A0E6A0009E1723 /* Base */ = {isa = PBXFileReference; lastKnownFileType = file.storyboard; name = Base; path = Base.lproj/LaunchScreen.storyboard; sourceTree = "<group>"; };
		3522BDF925A0E6A0009E1723 /* Info.plist */ = {isa = PBXFileReference; lastKnownFileType = text.plist.xml; path = Info.plist; sourceTree = "<group>"; };
/* End PBXFileReference section */

/* Begin PBXFrameworksBuildPhase section */
		3522BDE225A0E69F009E1723 /* Frameworks */ = {
			isa = PBXFrameworksBuildPhase;
			buildActionMask = 2147483647;
			files = (
			);
			runOnlyForDeploymentPostprocessing = 0;
		};
/* End PBXFrameworksBuildPhase section */

/* Begin PBXGroup section */
		3522BDDC25A0E69F009E1723 = {
			isa = PBXGroup;
			children = (
				3522BDE725A0E69F009E1723 /* kirby's kitchen 2 */,
				3522BDE625A0E69F009E1723 /* Products */,
			);
			sourceTree = "<group>";
		};
		3522BDE625A0E69F009E1723 /* Products */ = {
			isa = PBXGroup;
			children = (
				3522BDE525A0E69F009E1723 /* kirby's kitchen 2.app */,
			);
			name = Products;
			sourceTree = "<group>";
		};
		3522BDE725A0E69F009E1723 /* kirby's kitchen 2 */ = {
			isa = PBXGroup;
			children = (
				3522BDE825A0E69F009E1723 /* AppDelegate.swift */,
				3522BDEA25A0E69F009E1723 /* SceneDelegate.swift */,
				3522BDEC25A0E69F009E1723 /* ContentView.swift */,
				3522BDF125A0E6A0009E1723 /* Assets.xcassets */,
				3522BDF625A0E6A0009E1723 /* LaunchScreen.storyboard */,
				3522BDF925A0E6A0009E1723 /* Info.plist */,
				3522BDEE25A0E69F009E1723 /* kirby_s_kitchen_2.xcdatamodeld */,
				3522BDF325A0E6A0009E1723 /* Preview Content */,
			);
			path = "kirby's kitchen 2";
			sourceTree = "<group>";
		};
		3522BDF325A0E6A0009E1723 /* Preview Content */ = {
			isa = PBXGroup;
			children = (
				3522BDF425A0E6A0009E1723 /* Preview Assets.xcassets */,
			);
			path = "Preview Content";
			sourceTree = "<group>";
		};
/* End PBXGroup section */

/* Begin PBXNativeTarget section */
		3522BDE425A0E69F009E1723 /* kirby's kitchen 2 */ = {
			isa = PBXNativeTarget;
			buildConfigurationList = 3522BDFC25A0E6A0009E1723 /* Build configuration list for PBXNativeTarget "kirby's kitchen 2" */;
			buildPhases = (
				3522BDE125A0E69F009E1723 /* Sources */,
				3522BDE225A0E69F009E1723 /* Frameworks */,
				3522BDE325A0E69F009E1723 /* Resources */,
			);
			buildRules = (
			);
			dependencies = (
			);
			name = "kirby's kitchen 2";
			productName = "kirby's kitchen 2";
			productReference = 3522BDE525A0E69F009E1723 /* kirby's kitchen 2.app */;
			productType = "com.apple.product-type.application";
		};
/* End PBXNativeTarget section */

/* Begin PBXProject section */
		3522BDDD25A0E69F009E1723 /* Project object */ = {
			isa = PBXProject;
			attributes = {
				LastSwiftUpdateCheck = 1230;
				LastUpgradeCheck = 1230;
				TargetAttributes = {
					3522BDE425A0E69F009E1723 = {
						CreatedOnToolsVersion = 12.3;
					};
				};
			};
			buildConfigurationList = 3522BDE025A0E69F009E1723 /* Build configuration list for PBXProject "kirby's kitchen 2" */;
			compatibilityVersion = "Xcode 9.3";
			developmentRegion = en;
			hasScannedForEncodings = 0;
			knownRegions = (
				en,
				Base,
			);
			mainGroup = 3522BDDC25A0E69F009E1723;
			productRefGroup = 3522BDE625A0E69F009E1723 /* Products */;
			projectDirPath = "";
			projectRoot = "";
			targets = (
				3522BDE425A0E69F009E1723 /* kirby's kitchen 2 */,
			);
		};
/* End PBXProject section */

/* Begin PBXResourcesBuildPhase section */
		3522BDE325A0E69F009E1723 /* Resources */ = {
			isa = PBXResourcesBuildPhase;
			buildActionMask = 2147483647;
			files = (
				3522BDF825A0E6A0009E1723 /* LaunchScreen.storyboard in Resources */,
				3522BDF525A0E6A0009E1723 /* Preview Assets.xcassets in Resources */,
				3522BDF225A0E6A0009E1723 /* Assets.xcassets in Resources */,
			);
			runOnlyForDeploymentPostprocessing = 0;
		};
/* End PBXResourcesBuildPhase section */

/* Begin PBXSourcesBuildPhase section */
		3522BDE125A0E69F009E1723 /* Sources */ = {
			isa = PBXSourcesBuildPhase;
			buildActionMask = 2147483647;
			files = (
				3522BDE925A0E69F009E1723 /* AppDelegate.swift in Sources */,
				3522BDEB25A0E69F009E1723 /* SceneDelegate.swift in Sources */,
				3522BDED25A0E69F009E1723 /* ContentView.swift in Sources */,
				3522BDF025A0E69F009E1723 /* kirby_s_kitchen_2.xcdatamodeld in Sources */,
			);
			runOnlyForDeploymentPostprocessing = 0;
		};
/* End PBXSourcesBuildPhase section */

/* Begin PBXVariantGroup section */
		3522BDF625A0E6A0009E1723 /* LaunchScreen.storyboard */ = {
			isa = PBXVariantGroup;
			children = (
				3522BDF725A0E6A0009E1723 /* Base */,
			);
			name = LaunchScreen.storyboard;
			sourceTree = "<group>";
		};
/* End PBXVariantGroup section */

/* Begin XCBuildConfiguration section */
		3522BDFA25A0E6A0009E1723 /* Debug */ = {
			isa = XCBuildConfiguration;
			buildSettings = {
				ALWAYS_SEARCH_USER_PATHS = NO;
				CLANG_ANALYZER_NONNULL = YES;
				CLANG_ANALYZER_NUMBER_OBJECT_CONVERSION = YES_AGGRESSIVE;
				CLANG_CXX_LANGUAGE_STANDARD = "gnu++14";
				CLANG_CXX_LIBRARY = "libc++";
				CLANG_ENABLE_MODULES = YES;
				CLANG_ENABLE_OBJC_ARC = YES;
				CLANG_ENABLE_OBJC_WEAK = YES;
				CLANG_WARN_BLOCK_CAPTURE_AUTORELEASING = YES;
				CLANG_WARN_BOOL_CONVERSION = YES;
				CLANG_WARN_COMMA = YES;
				CLANG_WARN_CONSTANT_CONVERSION = YES;
				CLANG_WARN_DEPRECATED_OBJC_IMPLEMENTATIONS = YES;
				CLANG_WARN_DIRECT_OBJC_ISA_USAGE = YES_ERROR;
				CLANG_WARN_DOCUMENTATION_COMMENTS = YES;
				CLANG_WARN_EMPTY_BODY = YES;
				CLANG_WARN_ENUM_CONVERSION = YES;
				CLANG_WARN_INFINITE_RECURSION = YES;
				CLANG_WARN_INT_CONVERSION = YES;
				CLANG_WARN_NON_LITERAL_NULL_CONVERSION = YES;
				CLANG_WARN_OBJC_IMPLICIT_RETAIN_SELF = YES;
				CLANG_WARN_OBJC_LITERAL_CONVERSION = YES;
				CLANG_WARN_OBJC_ROOT_CLASS = YES_ERROR;
				CLANG_WARN_QUOTED_INCLUDE_IN_FRAMEWORK_HEADER = YES;
				CLANG_WARN_RANGE_LOOP_ANALYSIS = YES;
				CLANG_WARN_STRICT_PROTOTYPES = YES;
				CLANG_WARN_SUSPICIOUS_MOVE = YES;
				CLANG_WARN_UNGUARDED_AVAILABILITY = YES_AGGRESSIVE;
				CLANG_WARN_UNREACHABLE_CODE = YES;
				CLANG_WARN__DUPLICATE_METHOD_MATCH = YES;
				COPY_PHASE_STRIP = NO;
				DEBUG_INFORMATION_FORMAT = dwarf;
				ENABLE_STRICT_OBJC_MSGSEND = YES;
				ENABLE_TESTABILITY = YES;
				GCC_C_LANGUAGE_STANDARD = gnu11;
				GCC_DYNAMIC_NO_PIC = NO;
				GCC_NO_COMMON_BLOCKS = YES;
				GCC_OPTIMIZATION_LEVEL = 0;
				GCC_PREPROCESSOR_DEFINITIONS = (
					"DEBUG=1",
					"$(inherited)",
				);
				GCC_WARN_64_TO_32_BIT_CONVERSION = YES;
				GCC_WARN_ABOUT_RETURN_TYPE = YES_ERROR;
				GCC_WARN_UNDECLARED_SELECTOR = YES;
				GCC_WARN_UNINITIALIZED_AUTOS = YES_AGGRESSIVE;
				GCC_WARN_UNUSED_FUNCTION = YES;
				GCC_WARN_UNUSED_VARIABLE = YES;
				IPHONEOS_DEPLOYMENT_TARGET = 14.3;
				MTL_ENABLE_DEBUG_INFO = INCLUDE_SOURCE;
				MTL_FAST_MATH = YES;
				ONLY_ACTIVE_ARCH = YES;
				SDKROOT = iphoneos;
				SWIFT_ACTIVE_COMPILATION_CONDITIONS = DEBUG;
				SWIFT_OPTIMIZATION_LEVEL = "-Onone";
			};
			name = Debug;
		};
		3522BDFB25A0E6A0009E1723 /* Release */ = {
			isa = XCBuildConfiguration;
			buildSettings = {
				ALWAYS_SEARCH_USER_PATHS = NO;
				CLANG_ANALYZER_NONNULL = YES;
				CLANG_ANALYZER_NUMBER_OBJECT_CONVERSION = YES_AGGRESSIVE;
				CLANG_CXX_LANGUAGE_STANDARD = "gnu++14";
				CLANG_CXX_LIBRARY = "libc++";
				CLANG_ENABLE_MODULES = YES;
				CLANG_ENABLE_OBJC_ARC = YES;
				CLANG_ENABLE_OBJC_WEAK = YES;
				CLANG_WARN_BLOCK_CAPTURE_AUTORELEASING = YES;
				CLANG_WARN_BOOL_CONVERSION = YES;
				CLANG_WARN_COMMA = YES;
				CLANG_WARN_CONSTANT_CONVERSION = YES;
				CLANG_WARN_DEPRECATED_OBJC_IMPLEMENTATIONS = YES;
				CLANG_WARN_DIRECT_OBJC_ISA_USAGE = YES_ERROR;
				CLANG_WARN_DOCUMENTATION_COMMENTS = YES;
				CLANG_WARN_EMPTY_BODY = YES;
				CLANG_WARN_ENUM_CONVERSION = YES;
				CLANG_WARN_INFINITE_RECURSION = YES;
				CLANG_WARN_INT_CONVERSION = YES;
				CLANG_WARN_NON_LITERAL_NULL_CONVERSION = YES;
				CLANG_WARN_OBJC_IMPLICIT_RETAIN_SELF = YES;
				CLANG_WARN_OBJC_LITERAL_CONVERSION = YES;
				CLANG_WARN_OBJC_ROOT_CLASS = YES_ERROR;
				CLANG_WARN_QUOTED_INCLUDE_IN_FRAMEWORK_HEADER = YES;
				CLANG_WARN_RANGE_LOOP_ANALYSIS = YES;
				CLANG_WARN_STRICT_PROTOTYPES = YES;
				CLANG_WARN_SUSPICIOUS_MOVE = YES;
				CLANG_WARN_UNGUARDED_AVAILABILITY = YES_AGGRESSIVE;
				CLANG_WARN_UNREACHABLE_CODE = YES;
				CLANG_WARN__DUPLICATE_METHOD_MATCH = YES;
				COPY_PHASE_STRIP = NO;
				DEBUG_INFORMATION_FORMAT = "dwarf-with-dsym";
				ENABLE_NS_ASSERTIONS = NO;
				ENABLE_STRICT_OBJC_MSGSEND = YES;
				GCC_C_LANGUAGE_STANDARD = gnu11;
				GCC_NO_COMMON_BLOCKS = YES;
				GCC_WARN_64_TO_32_BIT_CONVERSION = YES;
				GCC_WARN_ABOUT_RETURN_TYPE = YES_ERROR;
				GCC_WARN_UNDECLARED_SELECTOR = YES;
				GCC_WARN_UNINITIALIZED_AUTOS = YES_AGGRESSIVE;
				GCC_WARN_UNUSED_FUNCTION = YES;
				GCC_WARN_UNUSED_VARIABLE = YES;
				IPHONEOS_DEPLOYMENT_TARGET = 14.3;
				MTL_ENABLE_DEBUG_INFO = NO;
				MTL_FAST_MATH = YES;
				SDKROOT = iphoneos;
				SWIFT_COMPILATION_MODE = wholemodule;
				SWIFT_OPTIMIZATION_LEVEL = "-O";
				VALIDATE_PRODUCT = YES;
			};
			name = Release;
		};
		3522BDFD25A0E6A0009E1723 /* Debug */ = {
			isa = XCBuildConfiguration;
			buildSettings = {
				ASSETCATALOG_COMPILER_APPICON_NAME = AppIcon;
				ASSETCATALOG_COMPILER_GLOBAL_ACCENT_COLOR_NAME = AccentColor;
				CODE_SIGN_STYLE = Automatic;
				DEVELOPMENT_ASSET_PATHS = "\"kirby's kitchen 2/Preview Content\"";
				DEVELOPMENT_TEAM = 33RXH48JAY;
				ENABLE_PREVIEWS = YES;
				INFOPLIST_FILE = "kirby's kitchen 2/Info.plist";
				LD_RUNPATH_SEARCH_PATHS = (
					"$(inherited)",
					"@executable_path/Frameworks",
				);
				PRODUCT_BUNDLE_IDENTIFIER = "mikewang.kirby-s-kitchen-2";
				PRODUCT_NAME = "$(TARGET_NAME)";
				SWIFT_VERSION = 5.0;
				TARGETED_DEVICE_FAMILY = "1,2";
			};
			name = Debug;
		};
		3522BDFE25A0E6A0009E1723 /* Release */ = {
			isa = XCBuildConfiguration;
			buildSettings = {
				ASSETCATALOG_COMPILER_APPICON_NAME = AppIcon;
				ASSETCATALOG_COMPILER_GLOBAL_ACCENT_COLOR_NAME = AccentColor;
				CODE_SIGN_STYLE = Automatic;
				DEVELOPMENT_ASSET_PATHS = "\"kirby's kitchen 2/Preview Content\"";
				DEVELOPMENT_TEAM = 33RXH48JAY;
				ENABLE_PREVIEWS = YES;
				INFOPLIST_FILE = "kirby's kitchen 2/Info.plist";
				LD_RUNPATH_SEARCH_PATHS = (
					"$(inherited)",
					"@executable_path/Frameworks",
				);
				PRODUCT_BUNDLE_IDENTIFIER = "mikewang.kirby-s-kitchen-2";
				PRODUCT_NAME = "$(TARGET_NAME)";
				SWIFT_VERSION = 5.0;
				TARGETED_DEVICE_FAMILY = "1,2";
			};
			name = Release;
		};
/* End XCBuildConfiguration section */

/* Begin XCConfigurationList section */
		3522BDE025A0E69F009E1723 /* Build configuration list for PBXProject "kirby's kitchen 2" */ = {
			isa = XCConfigurationList;
			buildConfigurations = (
				3522BDFA25A0E6A0009E1723 /* Debug */,
				3522BDFB25A0E6A0009E1723 /* Release */,
			);
			defaultConfigurationIsVisible = 0;
			defaultConfigurationName = Release;
		};
		3522BDFC25A0E6A0009E1723 /* Build configuration list for PBXNativeTarget "kirby's kitchen 2" */ = {
			isa = XCConfigurationList;
			buildConfigurations = (
				3522BDFD25A0E6A0009E1723 /* Debug */,
				3522BDFE25A0E6A0009E1723 /* Release */,
			);
			defaultConfigurationIsVisible = 0;
			defaultConfigurationName = Release;
		};
/* End XCConfigurationList section */

/* Begin XCVersionGroup section */
		3522BDEE25A0E69F009E1723 /* kirby_s_kitchen_2.xcdatamodeld */ = {
			isa = XCVersionGroup;
			children = (
				3522BDEF25A0E69F009E1723 /* kirby_s_kitchen_2.xcdatamodel */,
			);
			currentVersion = 3522BDEF25A0E69F009E1723 /* kirby_s_kitchen_2.xcdatamodel */;
			path = kirby_s_kitchen_2.xcdatamodeld;
			sourceTree = "<group>";
			versionGroupType = wrapper.xcdatamodel;
		};
/* End XCVersionGroup section */
	};
	rootObject = 3522BDDD25A0E69F009E1723 /* Project object */;
}
